
Microsoft Visual Studio Solution File, Format Version 12.00
# Visual Studio Version 17
VisualStudioVersion = 17.3.32929.385
MinimumVisualStudioVersion = 10.0.40219.1
Project("{FAE04EC0-301F-11D3-BF4B-00C04F79EFBC}") = "buildapp", "buildapp\buildapp.csproj", "{CE22E159-CA76-4886-B1A4-6C973B2ED02E}"
EndProject
Global
	GlobalSection(SolutionConfigurationPlatforms) = preSolution
		Debug|Any CPU = Debug|Any CPU
		Release|Any CPU = Release|Any CPU
	EndGlobalSection
	GlobalSection(ProjectConfigurationPlatforms) = postSolution
		{CE22E159-CA76-4886-B1A4-6C973B2ED02E}.Debug|Any CPU.ActiveCfg = Debug|Any CPU
		{CE22E159-CA76-4886-B1A4-6C973B2ED02E}.Debug|Any CPU.Build.0 = Debug|Any CPU
		{CE22E159-CA76-4886-B1A4-6C973B2ED02E}.Release|Any CPU.ActiveCfg = Release|Any CPU
		{CE22E159-CA76-4886-B1A4-6C973B2ED02E}.Release|Any CPU.Build.0 = Release|Any CPU
	EndGlobalSection
	GlobalSection(SolutionProperties) = preSolution
		HideSolutionNode = FALSE
	EndGlobalSection
	GlobalSection(ExtensibilityGlobals) = postSolution
		SolutionGuid = {67076E14-4822-44BE-8937-1C3AA2A3D39A}
	EndGlobalSection
EndGlobal
